{
  "name": "stripe-webhook",
  "version": "0.0.1",
  "lockfileVersion": 3,
  "requires": true,
  "packages": {
    "": {
      "name": "stripe-webhook",
      "version": "0.0.1",
      "license": "ISC",
      "dependencies": {
        "express": "^4.18.2",
        "qs": "^6.11.2",
        "side-channel": "^1.0.5",
        "stripe": "^14.15.0"
      }
    },
    "../../node_modules/.pnpm/express@4.18.2/node_modules/express": {
      "version": "4.18.2",
      "license": "MIT",
      "dependencies": {
        "accepts": "~1.3.8",
        "array-flatten": "1.1.1",
        "body-parser": "1.20.1",
        "content-disposition": "0.5.4",
        "content-type": "~1.0.4",
        "cookie": "0.5.0",
        "cookie-signature": "1.0.6",
        "debug": "2.6.9",
        "depd": "2.0.0",
        "encodeurl": "~1.0.2",
        "escape-html": "~1.0.3",
        "etag": "~1.8.1",
        "finalhandler": "1.2.0",
        "fresh": "0.5.2",
        "http-errors": "2.0.0",
        "merge-descriptors": "1.0.1",
        "methods": "~1.1.2",
        "on-finished": "2.4.1",
        "parseurl": "~1.3.3",
        "path-to-regexp": "0.1.7",
        "proxy-addr": "~2.0.7",
        "qs": "6.11.0",
        "range-parser": "~1.2.1",
        "safe-buffer": "5.2.1",
        "send": "0.18.0",
        "serve-static": "1.15.0",
        "setprototypeof": "1.2.0",
        "statuses": "2.0.1",
        "type-is": "~1.6.18",
        "utils-merge": "1.0.1",
        "vary": "~1.1.2"
      },
      "devDependencies": {
        "after": "0.8.2",
        "connect-redis": "3.4.2",
        "cookie-parser": "1.4.6",
        "cookie-session": "2.0.0",
        "ejs": "3.1.8",
        "eslint": "8.24.0",
        "express-session": "1.17.2",
        "hbs": "4.2.0",
        "marked": "0.7.0",
        "method-override": "3.0.0",
        "mocha": "10.0.0",
        "morgan": "1.10.0",
        "multiparty": "4.2.3",
        "nyc": "15.1.0",
        "pbkdf2-password": "1.2.1",
        "supertest": "6.3.0",
        "vhost": "~3.0.2"
      },
      "engines": {
        "node": ">= 0.10.0"
      }
    },
    "../../node_modules/.pnpm/qs@6.11.2/node_modules/qs": {
      "version": "6.11.2",
      "license": "BSD-3-Clause",
      "dependencies": {
        "side-channel": "^1.0.4"
      },
      "devDependencies": {
        "@ljharb/eslint-config": "^21.0.1",
        "aud": "^2.0.2",
        "browserify": "^16.5.2",
        "eclint": "^2.8.1",
        "eslint": "=8.8.0",
        "evalmd": "^0.0.19",
        "for-each": "^0.3.3",
        "has-override-mistake": "^1.0.0",
        "has-property-descriptors": "^1.0.0",
        "has-symbols": "^1.0.3",
        "iconv-lite": "^0.5.1",
        "in-publish": "^2.0.1",
        "mkdirp": "^0.5.5",
        "mock-property": "^1.0.0",
        "npmignore": "^0.3.0",
        "nyc": "^10.3.2",
        "object-inspect": "^1.12.3",
        "qs-iconv": "^1.0.4",
        "safe-publish-latest": "^2.0.0",
        "safer-buffer": "^2.1.2",
        "tape": "^5.6.3"
      },
      "engines": {
        "node": ">=0.6"
      },
      "funding": {
        "url": "https://github.com/sponsors/ljharb"
      }
    },
    "../../node_modules/.pnpm/side-channel@1.0.5/node_modules/side-channel": {
      "version": "1.0.5",
      "license": "MIT",
      "dependencies": {
        "call-bind": "^1.0.6",
        "es-errors": "^1.3.0",
        "get-intrinsic": "^1.2.4",
        "object-inspect": "^1.13.1"
      },
      "devDependencies": {
        "@ljharb/eslint-config": "^21.1.0",
        "aud": "^2.0.4",
        "auto-changelog": "^2.4.0",
        "eclint": "^2.8.1",
        "eslint": "=8.8.0",
        "in-publish": "^2.0.1",
        "npmignore": "^0.3.1",
        "nyc": "^10.3.2",
        "safe-publish-latest": "^2.0.0",
        "tape": "^5.7.4"
      },
      "engines": {
        "node": ">= 0.4"
      },
      "funding": {
        "url": "https://github.com/sponsors/ljharb"
      }
    },
    "../../node_modules/.pnpm/stripe@14.15.0/node_modules/stripe": {
      "version": "14.15.0",
      "license": "MIT",
      "dependencies": {
        "@types/node": ">=8.1.0",
        "qs": "^6.11.0"
      },
      "devDependencies": {
        "@types/chai": "^4.3.4",
        "@types/chai-as-promised": "^7.1.5",
        "@types/mocha": "^10.0.1",
        "@types/qs": "^6.9.7",
        "@typescript-eslint/eslint-plugin": "^4.33.0",
        "@typescript-eslint/parser": "^4.33.0",
        "chai": "^4.3.6",
        "chai-as-promised": "~7.1.1",
        "coveralls": "^3.1.1",
        "eslint": "^7.32.0",
        "eslint-config-prettier": "^8.5.0",
        "eslint-plugin-chai-friendly": "^0.7.2",
        "eslint-plugin-import": "^2.27.5",
        "eslint-plugin-prettier": "^3.4.1",
        "mocha": "^8.4.0",
        "mocha-junit-reporter": "^2.1.0",
        "nock": "^13.2.9",
        "node-fetch": "^2.6.7",
        "nyc": "^15.1.0",
        "prettier": "^1.16.4",
        "ts-node": "^10.9.1",
        "typescript": "^4.9.4"
      },
      "engines": {
        "node": ">=12.*"
      }
    },
    "node_modules/express": {
      "resolved": "../../node_modules/.pnpm/express@4.18.2/node_modules/express",
      "link": true
    },
    "node_modules/qs": {
      "resolved": "../../node_modules/.pnpm/qs@6.11.2/node_modules/qs",
      "link": true
    },
    "node_modules/side-channel": {
      "resolved": "../../node_modules/.pnpm/side-channel@1.0.5/node_modules/side-channel",
      "link": true
    },
    "node_modules/stripe": {
      "resolved": "../../node_modules/.pnpm/stripe@14.15.0/node_modules/stripe",
      "link": true
    }
  }
}
